// !$*UTF8*$!
{
	archiveVersion = 1;
	classes = {
	};
	objectVersion = 77;
	objects = {

/* Begin PBXBuildFile section */
		0C16BB372EA2DF26009A9BF9 /* instruções.txt in Resources */ = {isa = PBXBuildFile; fileRef = 0C16BB362EA2DF26009A9BF9 /* instruções.txt */; };
/* End PBXBuildFile section */

/* Begin PBXContainerItemProxy section */
		0CA37B212E974FCE0006E510 /* PBXContainerItemProxy */ = {
			isa = PBXContainerItemProxy;
			containerPortal = 0CA37B092E974FCC0006E510 /* Project object */;
			proxyType = 1;
			remoteGlobalIDString = 0CA37B102E974FCC0006E510;
			remoteInfo = "whereto-Swift";
		};
		0CA37B2B2E974FCE0006E510 /* PBXContainerItemProxy */ = {
			isa = PBXContainerItemProxy;
			containerPortal = 0CA37B092E974FCC0006E510 /* Project object */;
			proxyType = 1;
			remoteGlobalIDString = 0CA37B102E974FCC0006E510;
			remoteInfo = "whereto-Swift";
		};
/* End PBXContainerItemProxy section */

/* Begin PBXFileReference section */
		0C16BB362EA2DF26009A9BF9 /* instruções.txt */ = {isa = PBXFileReference; lastKnownFileType = text; path = "instruções.txt"; sourceTree = "<group>"; };
		0C77B09E2E98FF7E00835DFB /* whereto.app */ = {isa = PBXFileReference; explicitFileType = wrapper.application; includeInIndex = 0; path = whereto.app; sourceTree = BUILT_PRODUCTS_DIR; };
		0C77B2302E99269400835DFB /* wheretoTests.xctest */ = {isa = PBXFileReference; explicitFileType = wrapper.cfbundle; includeInIndex = 0; path = wheretoTests.xctest; sourceTree = BUILT_PRODUCTS_DIR; };
		0C77B2312E99269400835DFB /* wheretoUITests.xctest */ = {isa = PBXFileReference; explicitFileType = wrapper.cfbundle; includeInIndex = 0; path = wheretoUITests.xctest; sourceTree = BUILT_PRODUCTS_DIR; };
		0C829AE12EBB323C009D9EE1 /* whereto.docc */ = {isa = PBXFileReference; lastKnownFileType = text; path = whereto.docc; sourceTree = "<group>"; };
/* End PBXFileReference section */

/* Begin PBXFileSystemSynchronizedRootGroup section */
		0C77B0882E98EEB600835DFB /* Resources */ = {
			isa = PBXFileSystemSynchronizedRootGroup;
			path = Resources;
			sourceTree = "<group>";
		};
		0CA37B132E974FCC0006E510 /* whereto-Swift */ = {
			isa = PBXFileSystemSynchronizedRootGroup;
			path = "whereto-Swift";
			sourceTree = "<group>";
		};
		0CA37B232E974FCE0006E510 /* whereto-SwiftTests */ = {
			isa = PBXFileSystemSynchronizedRootGroup;
			path = "whereto-SwiftTests";
			sourceTree = "<group>";
		};
		0CA37B2D2E974FCE0006E510 /* whereto-SwiftUITests */ = {
			isa = PBXFileSystemSynchronizedRootGroup;
			path = "whereto-SwiftUITests";
			sourceTree = "<group>";
		};
/* End PBXFileSystemSynchronizedRootGroup section */

/* Begin PBXFrameworksBuildPhase section */
		0CA37B0E2E974FCC0006E510 /* Frameworks */ = {
			isa = PBXFrameworksBuildPhase;
			buildActionMask = 2147483647;
			files = (
			);
			runOnlyForDeploymentPostprocessing = 0;
		};
		0CA37B1D2E974FCE0006E510 /* Frameworks */ = {
			isa = PBXFrameworksBuildPhase;
			buildActionMask = 2147483647;
			files = (
			);
			runOnlyForDeploymentPostprocessing = 0;
		};
		0CA37B272E974FCE0006E510 /* Frameworks */ = {
			isa = PBXFrameworksBuildPhase;
			buildActionMask = 2147483647;
			files = (
			);
			runOnlyForDeploymentPostprocessing = 0;
		};
/* End PBXFrameworksBuildPhase section */

/* Begin PBXGroup section */
		0CA37B082E974FCC0006E510 = {
			isa = PBXGroup;
			children = (
				0CA37B132E974FCC0006E510 /* whereto-Swift */,
				0CA37B232E974FCE0006E510 /* whereto-SwiftTests */,
				0CA37B2D2E974FCE0006E510 /* whereto-SwiftUITests */,
				0C77B0882E98EEB600835DFB /* Resources */,
				0C77B09E2E98FF7E00835DFB /* whereto.app */,
				0C77B2302E99269400835DFB /* wheretoTests.xctest */,
				0C77B2312E99269400835DFB /* wheretoUITests.xctest */,
				0C16BB362EA2DF26009A9BF9 /* instruções.txt */,
				0C829AE12EBB323C009D9EE1 /* whereto.docc */,
			);
			sourceTree = "<group>";
		};
/* End PBXGroup section */

/* Begin PBXNativeTarget section */
		0CA37B102E974FCC0006E510 /* whereto */ = {
			isa = PBXNativeTarget;
			buildConfigurationList = 0CA37B342E974FCE0006E510 /* Build configuration list for PBXNativeTarget "whereto" */;
			buildPhases = (
				0CA37B0D2E974FCC0006E510 /* Sources */,
				0CA37B0E2E974FCC0006E510 /* Frameworks */,
				0CA37B0F2E974FCC0006E510 /* Resources */,
			);
			buildRules = (
			);
			dependencies = (
			);
			fileSystemSynchronizedGroups = (
				0C77B0882E98EEB600835DFB /* Resources */,
				0CA37B132E974FCC0006E510 /* whereto-Swift */,
			);
			name = whereto;
			packageProductDependencies = (
			);
			productName = "whereto-Swift";
			productReference = 0C77B09E2E98FF7E00835DFB /* whereto.app */;
			productType = "com.apple.product-type.application";
		};
		0CA37B1F2E974FCE0006E510 /* wheretoTests */ = {
			isa = PBXNativeTarget;
			buildConfigurationList = 0CA37B372E974FCE0006E510 /* Build configuration list for PBXNativeTarget "wheretoTests" */;
			buildPhases = (
				0CA37B1C2E974FCE0006E510 /* Sources */,
				0CA37B1D2E974FCE0006E510 /* Frameworks */,
				0CA37B1E2E974FCE0006E510 /* Resources */,
			);
			buildRules = (
			);
			dependencies = (
				0CA37B222E974FCE0006E510 /* PBXTargetDependency */,
			);
			fileSystemSynchronizedGroups = (
				0C77B0882E98EEB600835DFB /* Resources */,
				0CA37B232E974FCE0006E510 /* whereto-SwiftTests */,
			);
			name = wheretoTests;
			packageProductDependencies = (
			);
			productName = "whereto-SwiftTests";
			productReference = 0C77B2302E99269400835DFB /* wheretoTests.xctest */;
			productType = "com.apple.product-type.bundle.unit-test";
		};
		0CA37B292E974FCE0006E510 /* wheretoUITests */ = {
			isa = PBXNativeTarget;
			buildConfigurationList = 0CA37B3A2E974FCE0006E510 /* Build configuration list for PBXNativeTarget "wheretoUITests" */;
			buildPhases = (
				0CA37B262E974FCE0006E510 /* Sources */,
				0CA37B272E974FCE0006E510 /* Frameworks */,
				0CA37B282E974FCE0006E510 /* Resources */,
			);
			buildRules = (
			);
			dependencies = (
				0CA37B2C2E974FCE0006E510 /* PBXTargetDependency */,
			);
			fileSystemSynchronizedGroups = (
				0C77B0882E98EEB600835DFB /* Resources */,
				0CA37B2D2E974FCE0006E510 /* whereto-SwiftUITests */,
			);
			name = wheretoUITests;
			packageProductDependencies = (
			);
			productName = "whereto-SwiftUITests";
			productReference = 0C77B2312E99269400835DFB /* wheretoUITests.xctest */;
			productType = "com.apple.product-type.bundle.ui-testing";
		};
/* End PBXNativeTarget section */

/* Begin PBXProject section */
		0CA37B092E974FCC0006E510 /* Project object */ = {
			isa = PBXProject;
			attributes = {
				BuildIndependentTargetsInParallel = 1;
				LastSwiftUpdateCheck = 2600;
				LastUpgradeCheck = 2600;
				TargetAttributes = {
					0CA37B102E974FCC0006E510 = {
						CreatedOnToolsVersion = 26.0.1;
					};
					0CA37B1F2E974FCE0006E510 = {
						CreatedOnToolsVersion = 26.0.1;
						TestTargetID = 0CA37B102E974FCC0006E510;
					};
					0CA37B292E974FCE0006E510 = {
						CreatedOnToolsVersion = 26.0.1;
						TestTargetID = 0CA37B102E974FCC0006E510;
					};
				};
			};
			buildConfigurationList = 0CA37B0C2E974FCC0006E510 /* Build configuration list for PBXProject "whereto" */;
			developmentRegion = en;
			hasScannedForEncodings = 0;
			knownRegions = (
				en,
				Base,
			);
			mainGroup = 0CA37B082E974FCC0006E510;
			minimizedProjectReferenceProxies = 1;
			preferredProjectObjectVersion = 77;
			productRefGroup = 0CA37B082E974FCC0006E510;
			projectDirPath = "";
			projectRoot = "";
			targets = (
				0CA37B102E974FCC0006E510 /* whereto */,
				0CA37B1F2E974FCE0006E510 /* wheretoTests */,
				0CA37B292E974FCE0006E510 /* wheretoUITests */,
			);
		};
/* End PBXProject section */

/* Begin PBXResourcesBuildPhase section */
		0CA37B0F2E974FCC0006E510 /* Resources */ = {
			isa = PBXResourcesBuildPhase;
			buildActionMask = 2147483647;
			files = (
				0C16BB372EA2DF26009A9BF9 /* instruções.txt in Resources */,
			);
			runOnlyForDeploymentPostprocessing = 0;
		};
		0CA37B1E2E974FCE0006E510 /* Resources */ = {
			isa = PBXResourcesBuildPhase;
			buildActionMask = 2147483647;
			files = (
			);
			runOnlyForDeploymentPostprocessing = 0;
		};
		0CA37B282E974FCE0006E510 /* Resources */ = {
			isa = PBXResourcesBuildPhase;
			buildActionMask = 2147483647;
			files = (
			);
			runOnlyForDeploymentPostprocessing = 0;
		};
/* End PBXResourcesBuildPhase section */

/* Begin PBXSourcesBuildPhase section */
		0CA37B0D2E974FCC0006E510 /* Sources */ = {
			isa = PBXSourcesBuildPhase;
			buildActionMask = 2147483647;
			files = (
			);
			runOnlyForDeploymentPostprocessing = 0;
		};
		0CA37B1C2E974FCE0006E510 /* Sources */ = {
			isa = PBXSourcesBuildPhase;
			buildActionMask = 2147483647;
			files = (
			);
			runOnlyForDeploymentPostprocessing = 0;
		};
		0CA37B262E974FCE0006E510 /* Sources */ = {
			isa = PBXSourcesBuildPhase;
			buildActionMask = 2147483647;
			files = (
			);
			runOnlyForDeploymentPostprocessing = 0;
		};
/* End PBXSourcesBuildPhase section */

/* Begin PBXTargetDependency section */
		0CA37B222E974FCE0006E510 /* PBXTargetDependency */ = {
			isa = PBXTargetDependency;
			target = 0CA37B102E974FCC0006E510 /* whereto */;
			targetProxy = 0CA37B212E974FCE0006E510 /* PBXContainerItemProxy */;
		};
		0CA37B2C2E974FCE0006E510 /* PBXTargetDependency */ = {
			isa = PBXTargetDependency;
			target = 0CA37B102E974FCC0006E510 /* whereto */;
			targetProxy = 0CA37B2B2E974FCE0006E510 /* PBXContainerItemProxy */;
		};
/* End PBXTargetDependency section */

/* Begin XCBuildConfiguration section */
		0CA37B322E974FCE0006E510 /* Debug */ = {
			isa = XCBuildConfiguration;
			buildSettings = {
				ALWAYS_SEARCH_USER_PATHS = NO;
				ASSETCATALOG_COMPILER_GENERATE_SWIFT_ASSET_SYMBOL_EXTENSIONS = YES;
				CLANG_ANALYZER_NONNULL = YES;
				CLANG_ANALYZER_NUMBER_OBJECT_CONVERSION = YES_AGGRESSIVE;
				CLANG_CXX_LANGUAGE_STANDARD = "gnu++20";
				CLANG_ENABLE_MODULES = YES;
				CLANG_ENABLE_OBJC_ARC = YES;
				CLANG_ENABLE_OBJC_WEAK = YES;
				CLANG_WARN_BLOCK_CAPTURE_AUTORELEASING = YES;
				CLANG_WARN_BOOL_CONVERSION = YES;
				CLANG_WARN_COMMA = YES;
				CLANG_WARN_CONSTANT_CONVERSION = YES;
				CLANG_WARN_DEPRECATED_OBJC_IMPLEMENTATIONS = YES;
				CLANG_WARN_DIRECT_OBJC_ISA_USAGE = YES_ERROR;
				CLANG_WARN_DOCUMENTATION_COMMENTS = YES;
				CLANG_WARN_EMPTY_BODY = YES;
				CLANG_WARN_ENUM_CONVERSION = YES;
				CLANG_WARN_INFINITE_RECURSION = YES;
				CLANG_WARN_INT_CONVERSION = YES;
				CLANG_WARN_NON_LITERAL_NULL_CONVERSION = YES;
				CLANG_WARN_OBJC_IMPLICIT_RETAIN_SELF = YES;
				CLANG_WARN_OBJC_LITERAL_CONVERSION = YES;
				CLANG_WARN_OBJC_ROOT_CLASS = YES_ERROR;
				CLANG_WARN_QUOTED_INCLUDE_IN_FRAMEWORK_HEADER = YES;
				CLANG_WARN_RANGE_LOOP_ANALYSIS = YES;
				CLANG_WARN_STRICT_PROTOTYPES = YES;
				CLANG_WARN_SUSPICIOUS_MOVE = YES;
				CLANG_WARN_UNGUARDED_AVAILABILITY = YES_AGGRESSIVE;
				CLANG_WARN_UNREACHABLE_CODE = YES;
				CLANG_WARN__DUPLICATE_METHOD_MATCH = YES;
				COPY_PHASE_STRIP = NO;
				DEBUG_INFORMATION_FORMAT = dwarf;
				DEVELOPMENT_TEAM = 4RB8NL9A3W;
				ENABLE_STRICT_OBJC_MSGSEND = YES;
				ENABLE_TESTABILITY = YES;
				ENABLE_USER_SCRIPT_SANDBOXING = YES;
				GCC_C_LANGUAGE_STANDARD = gnu17;
				GCC_DYNAMIC_NO_PIC = NO;
				GCC_NO_COMMON_BLOCKS = YES;
				GCC_OPTIMIZATION_LEVEL = 0;
				GCC_PREPROCESSOR_DEFINITIONS = (
					"DEBUG=1",
					"$(inherited)",
				);
				GCC_WARN_64_TO_32_BIT_CONVERSION = YES;
				GCC_WARN_ABOUT_RETURN_TYPE = YES_ERROR;
				GCC_WARN_UNDECLARED_SELECTOR = YES;
				GCC_WARN_UNINITIALIZED_AUTOS = YES_AGGRESSIVE;
				GCC_WARN_UNUSED_FUNCTION = YES;
				GCC_WARN_UNUSED_VARIABLE = YES;
				LOCALIZATION_PREFERS_STRING_CATALOGS = YES;
				MACOSX_DEPLOYMENT_TARGET = 26.0;
				MTL_ENABLE_DEBUG_INFO = INCLUDE_SOURCE;
				MTL_FAST_MATH = YES;
				ONLY_ACTIVE_ARCH = YES;
				SDKROOT = macosx;
				SWIFT_ACTIVE_COMPILATION_CONDITIONS = "DEBUG $(inherited)";
				SWIFT_OPTIMIZATION_LEVEL = "-Onone";
			};
			name = Debug;
		};
		0CA37B332E974FCE0006E510 /* Release */ = {
			isa = XCBuildConfiguration;
			buildSettings = {
				ALWAYS_SEARCH_USER_PATHS = NO;
				ASSETCATALOG_COMPILER_GENERATE_SWIFT_ASSET_SYMBOL_EXTENSIONS = YES;
				CLANG_ANALYZER_NONNULL = YES;
				CLANG_ANALYZER_NUMBER_OBJECT_CONVERSION = YES_AGGRESSIVE;
				CLANG_CXX_LANGUAGE_STANDARD = "gnu++20";
				CLANG_ENABLE_MODULES = YES;
				CLANG_ENABLE_OBJC_ARC = YES;
				CLANG_ENABLE_OBJC_WEAK = YES;
				CLANG_WARN_BLOCK_CAPTURE_AUTORELEASING = YES;
				CLANG_WARN_BOOL_CONVERSION = YES;
				CLANG_WARN_COMMA = YES;
				CLANG_WARN_CONSTANT_CONVERSION = YES;
				CLANG_WARN_DEPRECATED_OBJC_IMPLEMENTATIONS = YES;
				CLANG_WARN_DIRECT_OBJC_ISA_USAGE = YES_ERROR;
				CLANG_WARN_DOCUMENTATION_COMMENTS = YES;
				CLANG_WARN_EMPTY_BODY = YES;
				CLANG_WARN_ENUM_CONVERSION = YES;
				CLANG_WARN_INFINITE_RECURSION = YES;
				CLANG_WARN_INT_CONVERSION = YES;
				CLANG_WARN_NON_LITERAL_NULL_CONVERSION = YES;
				CLANG_WARN_OBJC_IMPLICIT_RETAIN_SELF = YES;
				CLANG_WARN_OBJC_LITERAL_CONVERSION = YES;
				CLANG_WARN_OBJC_ROOT_CLASS = YES_ERROR;
				CLANG_WARN_QUOTED_INCLUDE_IN_FRAMEWORK_HEADER = YES;
				CLANG_WARN_RANGE_LOOP_ANALYSIS = YES;
				CLANG_WARN_STRICT_PROTOTYPES = YES;
				CLANG_WARN_SUSPICIOUS_MOVE = YES;
				CLANG_WARN_UNGUARDED_AVAILABILITY = YES_AGGRESSIVE;
				CLANG_WARN_UNREACHABLE_CODE = YES;
				CLANG_WARN__DUPLICATE_METHOD_MATCH = YES;
				COPY_PHASE_STRIP = NO;
				DEBUG_INFORMATION_FORMAT = "dwarf-with-dsym";
				DEVELOPMENT_TEAM = 4RB8NL9A3W;
				ENABLE_NS_ASSERTIONS = NO;
				ENABLE_STRICT_OBJC_MSGSEND = YES;
				ENABLE_USER_SCRIPT_SANDBOXING = YES;
				GCC_C_LANGUAGE_STANDARD = gnu17;
				GCC_NO_COMMON_BLOCKS = YES;
				GCC_WARN_64_TO_32_BIT_CONVERSION = YES;
				GCC_WARN_ABOUT_RETURN_TYPE = YES_ERROR;
				GCC_WARN_UNDECLARED_SELECTOR = YES;
				GCC_WARN_UNINITIALIZED_AUTOS = YES_AGGRESSIVE;
				GCC_WARN_UNUSED_FUNCTION = YES;
				GCC_WARN_UNUSED_VARIABLE = YES;
				LOCALIZATION_PREFERS_STRING_CATALOGS = YES;
				MACOSX_DEPLOYMENT_TARGET = 26.0;
				MTL_ENABLE_DEBUG_INFO = NO;
				MTL_FAST_MATH = YES;
				SDKROOT = macosx;
				SWIFT_COMPILATION_MODE = wholemodule;
			};
			name = Release;
		};
		0CA37B352E974FCE0006E510 /* Debug */ = {
			isa = XCBuildConfiguration;
			buildSettings = {
				ASSETCATALOG_COMPILER_APPICON_NAME = appicon;
				ASSETCATALOG_COMPILER_GLOBAL_ACCENT_COLOR_NAME = AccentColor;
				ASSETCATALOG_COMPILER_INCLUDE_ALL_APPICON_ASSETS = YES;
				CODE_SIGN_STYLE = Automatic;
				COMBINE_HIDPI_IMAGES = YES;
				CURRENT_PROJECT_VERSION = 1;
				DEVELOPMENT_TEAM = 4RB8NL9A3W;
				ENABLE_APP_SANDBOX = YES;
				ENABLE_HARDENED_RUNTIME = YES;
				ENABLE_PREVIEWS = YES;
				ENABLE_USER_SELECTED_FILES = readonly;
				GENERATE_INFOPLIST_FILE = YES;
				INFOPLIST_KEY_CFBundleDisplayName = whereto;
				INFOPLIST_KEY_LSApplicationCategoryType = "public.app-category.travel";
				INFOPLIST_KEY_NSHumanReadableCopyright = "";
				LD_RUNPATH_SEARCH_PATHS = (
					"$(inherited)",
					"@executable_path/../Frameworks",
				);
				MARKETING_VERSION = 1.0;
				PRODUCT_BUNDLE_IDENTIFIER = com.liam.whereto;
				PRODUCT_NAME = "$(TARGET_NAME)";
				REGISTER_APP_GROUPS = YES;
				STRING_CATALOG_GENERATE_SYMBOLS = YES;
				SWIFT_APPROACHABLE_CONCURRENCY = YES;
				SWIFT_DEFAULT_ACTOR_ISOLATION = MainActor;
				SWIFT_EMIT_LOC_STRINGS = YES;
				SWIFT_UPCOMING_FEATURE_MEMBER_IMPORT_VISIBILITY = YES;
				SWIFT_VERSION = 5.0;
			};
			name = Debug;
		};
		0CA37B362E974FCE0006E510 /* Release */ = {
			isa = XCBuildConfiguration;
			buildSettings = {
				ASSETCATALOG_COMPILER_APPICON_NAME = appicon;
				ASSETCATALOG_COMPILER_GLOBAL_ACCENT_COLOR_NAME = AccentColor;
				ASSETCATALOG_COMPILER_INCLUDE_ALL_APPICON_ASSETS = YES;
				CODE_SIGN_STYLE = Automatic;
				COMBINE_HIDPI_IMAGES = YES;
				CURRENT_PROJECT_VERSION = 1;
				DEVELOPMENT_TEAM = 4RB8NL9A3W;
				ENABLE_APP_SANDBOX = YES;
				ENABLE_HARDENED_RUNTIME = YES;
				ENABLE_PREVIEWS = YES;
				ENABLE_USER_SELECTED_FILES = readonly;
				GENERATE_INFOPLIST_FILE = YES;
				INFOPLIST_KEY_CFBundleDisplayName = whereto;
				INFOPLIST_KEY_LSApplicationCategoryType = "public.app-category.travel";
				INFOPLIST_KEY_NSHumanReadableCopyright = "";
				LD_RUNPATH_SEARCH_PATHS = (
					"$(inherited)",
					"@executable_path/../Frameworks",
				);
				MARKETING_VERSION = 1.0;
				PRODUCT_BUNDLE_IDENTIFIER = com.liam.whereto;
				PRODUCT_NAME = "$(TARGET_NAME)";
				REGISTER_APP_GROUPS = YES;
				STRING_CATALOG_GENERATE_SYMBOLS = YES;
				SWIFT_APPROACHABLE_CONCURRENCY = YES;
				SWIFT_DEFAULT_ACTOR_ISOLATION = MainActor;
				SWIFT_EMIT_LOC_STRINGS = YES;
				SWIFT_UPCOMING_FEATURE_MEMBER_IMPORT_VISIBILITY = YES;
				SWIFT_VERSION = 5.0;
			};
			name = Release;
		};
		0CA37B382E974FCE0006E510 /* Debug */ = {
			isa = XCBuildConfiguration;
			buildSettings = {
				BUNDLE_LOADER = "$(TEST_HOST)";
				CODE_SIGN_STYLE = Automatic;
				CURRENT_PROJECT_VERSION = 1;
				DEVELOPMENT_TEAM = 4RB8NL9A3W;
				GENERATE_INFOPLIST_FILE = YES;
				MACOSX_DEPLOYMENT_TARGET = 26.0;
				MARKETING_VERSION = 1.0;
				PRODUCT_BUNDLE_IDENTIFIER = "com.liam.whereto-SwiftTests";
				PRODUCT_NAME = "$(TARGET_NAME)";
				STRING_CATALOG_GENERATE_SYMBOLS = NO;
				SWIFT_APPROACHABLE_CONCURRENCY = YES;
				SWIFT_EMIT_LOC_STRINGS = NO;
				SWIFT_UPCOMING_FEATURE_MEMBER_IMPORT_VISIBILITY = YES;
				SWIFT_VERSION = 5.0;
				TEST_HOST = "$(BUILT_PRODUCTS_DIR)/whereto.app/$(BUNDLE_EXECUTABLE_FOLDER_PATH)/whereto";
			};
			name = Debug;
		};
		0CA37B392E974FCE0006E510 /* Release */ = {
			isa = XCBuildConfiguration;
			buildSettings = {
				BUNDLE_LOADER = "$(TEST_HOST)";
				CODE_SIGN_STYLE = Automatic;
				CURRENT_PROJECT_VERSION = 1;
				DEVELOPMENT_TEAM = 4RB8NL9A3W;
				GENERATE_INFOPLIST_FILE = YES;
				MACOSX_DEPLOYMENT_TARGET = 26.0;
				MARKETING_VERSION = 1.0;
				PRODUCT_BUNDLE_IDENTIFIER = "com.liam.whereto-SwiftTests";
				PRODUCT_NAME = "$(TARGET_NAME)";
				STRING_CATALOG_GENERATE_SYMBOLS = NO;
				SWIFT_APPROACHABLE_CONCURRENCY = YES;
				SWIFT_EMIT_LOC_STRINGS = NO;
				SWIFT_UPCOMING_FEATURE_MEMBER_IMPORT_VISIBILITY = YES;
				SWIFT_VERSION = 5.0;
				TEST_HOST = "$(BUILT_PRODUCTS_DIR)/whereto.app/$(BUNDLE_EXECUTABLE_FOLDER_PATH)/whereto";
			};
			name = Release;
		};
		0CA37B3B2E974FCE0006E510 /* Debug */ = {
			isa = XCBuildConfiguration;
			buildSettings = {
				CODE_SIGN_STYLE = Automatic;
				CURRENT_PROJECT_VERSION = 1;
				DEVELOPMENT_TEAM = 4RB8NL9A3W;
				GENERATE_INFOPLIST_FILE = YES;
				MARKETING_VERSION = 1.0;
				PRODUCT_BUNDLE_IDENTIFIER = "com.liam.whereto-SwiftUITests";
				PRODUCT_NAME = "$(TARGET_NAME)";
				STRING_CATALOG_GENERATE_SYMBOLS = NO;
				SWIFT_APPROACHABLE_CONCURRENCY = YES;
				SWIFT_EMIT_LOC_STRINGS = NO;
				SWIFT_UPCOMING_FEATURE_MEMBER_IMPORT_VISIBILITY = YES;
				SWIFT_VERSION = 5.0;
				TEST_TARGET_NAME = "whereto-Swift";
			};
			name = Debug;
		};
		0CA37B3C2E974FCE0006E510 /* Release */ = {
			isa = XCBuildConfiguration;
			buildSettings = {
				CODE_SIGN_STYLE = Automatic;
				CURRENT_PROJECT_VERSION = 1;
				DEVELOPMENT_TEAM = 4RB8NL9A3W;
				GENERATE_INFOPLIST_FILE = YES;
				MARKETING_VERSION = 1.0;
				PRODUCT_BUNDLE_IDENTIFIER = "com.liam.whereto-SwiftUITests";
				PRODUCT_NAME = "$(TARGET_NAME)";
				STRING_CATALOG_GENERATE_SYMBOLS = NO;
				SWIFT_APPROACHABLE_CONCURRENCY = YES;
				SWIFT_EMIT_LOC_STRINGS = NO;
				SWIFT_UPCOMING_FEATURE_MEMBER_IMPORT_VISIBILITY = YES;
				SWIFT_VERSION = 5.0;
				TEST_TARGET_NAME = "whereto-Swift";
			};
			name = Release;
		};
/* End XCBuildConfiguration section */

/* Begin XCConfigurationList section */
		0CA37B0C2E974FCC0006E510 /* Build configuration list for PBXProject "whereto" */ = {
			isa = XCConfigurationList;
			buildConfigurations = (
				0CA37B322E974FCE0006E510 /* Debug */,
				0CA37B332E974FCE0006E510 /* Release */,
			);
			defaultConfigurationIsVisible = 0;
			defaultConfigurationName = Release;
		};
		0CA37B342E974FCE0006E510 /* Build configuration list for PBXNativeTarget "whereto" */ = {
			isa = XCConfigurationList;
			buildConfigurations = (
				0CA37B352E974FCE0006E510 /* Debug */,
				0CA37B362E974FCE0006E510 /* Release */,
			);
			defaultConfigurationIsVisible = 0;
			defaultConfigurationName = Release;
		};
		0CA37B372E974FCE0006E510 /* Build configuration list for PBXNativeTarget "wheretoTests" */ = {
			isa = XCConfigurationList;
			buildConfigurations = (
				0CA37B382E974FCE0006E510 /* Debug */,
				0CA37B392E974FCE0006E510 /* Release */,
			);
			defaultConfigurationIsVisible = 0;
			defaultConfigurationName = Release;
		};
		0CA37B3A2E974FCE0006E510 /* Build configuration list for PBXNativeTarget "wheretoUITests" */ = {
			isa = XCConfigurationList;
			buildConfigurations = (
				0CA37B3B2E974FCE0006E510 /* Debug */,
				0CA37B3C2E974FCE0006E510 /* Release */,
			);
			defaultConfigurationIsVisible = 0;
			defaultConfigurationName = Release;
		};
/* End XCConfigurationList section */
	};
	rootObject = 0CA37B092E974FCC0006E510 /* Project object */;
}
